
Microsoft Visual Studio Solution File, Format Version 12.00
# Visual Studio Version 16
VisualStudioVersion = 16.0.29409.12
MinimumVisualStudioVersion = 10.0.40219.1
Project("{9A19103F-16F7-4668-BE54-9A1E7A4F7556}") = "WalkthroughFirstWPFApp", "WalkthroughFirstWPFApp\WalkthroughFirstWPFApp.csproj", "{341DD45E-695F-4E02-99BA-163F1F4D9791}"
EndProject
Global
	GlobalSection(SolutionConfigurationPlatforms) = preSolution
		Debug|Any CPU = Debug|Any CPU
		Release|Any CPU = Release|Any CPU
	EndGlobalSection
	GlobalSection(ProjectConfigurationPlatforms) = postSolution
		{341DD45E-695F-4E02-99BA-163F1F4D9791}.Debug|Any CPU.ActiveCfg = Debug|Any CPU
		{341DD45E-695F-4E02-99BA-163F1F4D9791}.Debug|Any CPU.Build.0 = Debug|Any CPU
		{341DD45E-695F-4E02-99BA-163F1F4D9791}.Release|Any CPU.ActiveCfg = Release|Any CPU
		{341DD45E-695F-4E02-99BA-163F1F4D9791}.Release|Any CPU.Build.0 = Release|Any CPU
	EndGlobalSection
	GlobalSection(SolutionProperties) = preSolution
		HideSolutionNode = FALSE
	EndGlobalSection
	GlobalSection(ExtensibilityGlobals) = postSolution
		SolutionGuid = {F9888F89-551C-471C-8824-47CCC4C67906}
	EndGlobalSection
EndGlobal
